
Microsoft Visual Studio Solution File, Format Version 12.00
# Visual Studio Version 17
VisualStudioVersion = 17.5.002.0
MinimumVisualStudioVersion = 10.0.40219.1
Project("{2150E333-8FDC-42A3-9474-1A3956D46DE8}") = "3DGAME", "3DGAME", "{BCFBC1E4-41E6-4749-925A-5C7323DAC436}"
EndProject
Project("{9A19103F-16F7-4668-BE54-9A1E7A4F7556}") = "Assembly-CSharp", "3DGAME\Dungeon Escape\Assembly-CSharp.csproj", "{33EDDA3C-3BA4-47B4-99BC-931F9E6BBE31}"
EndProject
Project("{2150E333-8FDC-42A3-9474-1A3956D46DE8}") = "Exemples classe", "Exemples classe", "{38494BB1-D4FD-4C60-8FD6-1B145071A84C}"
EndProject
Project("{9A19103F-16F7-4668-BE54-9A1E7A4F7556}") = "Assembly-CSharp", "3DGAME\Exemples classe\Cylindrical\Assembly-CSharp.csproj", "{0DAD5917-2DE2-4A4A-AD55-E428F290B372}"
EndProject
Project("{9A19103F-16F7-4668-BE54-9A1E7A4F7556}") = "Assembly-CSharp (1)", "3DGAME\Exemples classe\Platforms\Assembly-CSharp.csproj", "{4BFEC4DA-2DD6-448C-8EE3-5847E8E6CC1F}"
EndProject
Project("{2150E333-8FDC-42A3-9474-1A3956D46DE8}") = "2DGAME", "2DGAME", "{FB6AD9B7-6EF6-4F31-BCDF-06E023E7A305}"
EndProject
Project("{2150E333-8FDC-42A3-9474-1A3956D46DE8}") = "libs", "libs", "{ACF09716-205F-42AE-B4F4-AF7F4C52D6E8}"
EndProject
Project("{2150E333-8FDC-42A3-9474-1A3956D46DE8}") = "irrKlang-1.6.0", "irrKlang-1.6.0", "{6F1A68CF-9FD1-4F09-BC2F-ED9A84F0B96C}"
EndProject
Project("{2150E333-8FDC-42A3-9474-1A3956D46DE8}") = "examples.net", "examples.net", "{30DE4E02-B812-4691-9275-70FEFDD11136}"
EndProject
Project("{9A19103F-16F7-4668-BE54-9A1E7A4F7556}") = "CSharp.01.HelloWorld_vs2005", "2DGAME\libs\irrKlang-1.6.0\examples.net\CSharp.01.HelloWorld\CSharp.01.HelloWorld_vs2005.csproj", "{BC48E521-D104-40D0-B0A4-6E839AA1E0E9}"
EndProject
Project("{9A19103F-16F7-4668-BE54-9A1E7A4F7556}") = "CSharp.01.HelloWorld_vs2010", "2DGAME\libs\irrKlang-1.6.0\examples.net\CSharp.01.HelloWorld\CSharp.01.HelloWorld_vs2010.csproj", "{E783DE6C-DF67-45F7-A84F-1B8FE55A2016}"
EndProject
Project("{9A19103F-16F7-4668-BE54-9A1E7A4F7556}") = "CSharp.02.3DSound_vs2005", "2DGAME\libs\irrKlang-1.6.0\examples.net\CSharp.02.3DSound\CSharp.02.3DSound_vs2005.csproj", "{D5D1DA57-60A9-49C3-82A8-712AB12E0F66}"
EndProject
Project("{9A19103F-16F7-4668-BE54-9A1E7A4F7556}") = "CSharp.02.3DSound_vs2010", "2DGAME\libs\irrKlang-1.6.0\examples.net\CSharp.02.3DSound\CSharp.02.3DSound_vs2010.csproj", "{0F731D62-5F3A-4D6C-ADCD-A2261B74A4F0}"
EndProject
Project("{9A19103F-16F7-4668-BE54-9A1E7A4F7556}") = "CSharp.03.MemoryPlayback_vs2005", "2DGAME\libs\irrKlang-1.6.0\examples.net\CSharp.03.MemoryPlayback\CSharp.03.MemoryPlayback_vs2005.csproj", "{70F642B0-A9EB-4DD4-8C29-A45FA4A767DB}"
EndProject
Project("{9A19103F-16F7-4668-BE54-9A1E7A4F7556}") = "CSharp.03.MemoryPlayback_vs2010", "2DGAME\libs\irrKlang-1.6.0\examples.net\CSharp.03.MemoryPlayback\CSharp.03.MemoryPlayback_vs2010.csproj", "{1D94AD20-23BF-47B6-BE48-DCA3E551BE70}"
EndProject
Project("{9A19103F-16F7-4668-BE54-9A1E7A4F7556}") = "CSharp.04.OverrideFileAccess_vs2005", "2DGAME\libs\irrKlang-1.6.0\examples.net\CSharp.04.OverrideFileAccess\CSharp.04.OverrideFileAccess_vs2005.csproj", "{D08C93F0-7217-48FB-9FC2-02AFD07BAC31}"
EndProject
Project("{9A19103F-16F7-4668-BE54-9A1E7A4F7556}") = "CSharp.04.OverrideFileAccess_vs2010", "2DGAME\libs\irrKlang-1.6.0\examples.net\CSharp.04.OverrideFileAccess\CSharp.04.OverrideFileAccess_vs2010.csproj", "{DEF259B0-0CA9-4983-9E5D-17F6879706FC}"
EndProject
Project("{9A19103F-16F7-4668-BE54-9A1E7A4F7556}") = "CSharp.05.Effects_vs2005", "2DGAME\libs\irrKlang-1.6.0\examples.net\CSharp.05.SoundEffects\CSharp.05.Effects_vs2005.csproj", "{8EA40932-6AD1-4B7C-842A-E5D857197084}"
EndProject
Project("{9A19103F-16F7-4668-BE54-9A1E7A4F7556}") = "CSharp.05.Effects_vs2010", "2DGAME\libs\irrKlang-1.6.0\examples.net\CSharp.05.SoundEffects\CSharp.05.Effects_vs2010.csproj", "{22F4D926-3CB9-4E92-B80E-1CA8F6BC122E}"
EndProject
Project("{9A19103F-16F7-4668-BE54-9A1E7A4F7556}") = "CSharp.Winforms.Musicplayer_vs2005", "2DGAME\libs\irrKlang-1.6.0\examples.net\CSharp.Winforms.Musicplayer\CSharp.Winforms.Musicplayer_vs2005.csproj", "{6792B6C4-0813-49FC-863D-62A632786727}"
EndProject
Project("{9A19103F-16F7-4668-BE54-9A1E7A4F7556}") = "CSharp.Winforms.Musicplayer_vs2010", "2DGAME\libs\irrKlang-1.6.0\examples.net\CSharp.Winforms.Musicplayer\CSharp.Winforms.Musicplayer_vs2010.csproj", "{00D734F4-84EE-47D1-811A-A05F71316695}"
EndProject
Global
	GlobalSection(SolutionConfigurationPlatforms) = preSolution
		Debug|Any CPU = Debug|Any CPU
		Release|Any CPU = Release|Any CPU
	EndGlobalSection
	GlobalSection(ProjectConfigurationPlatforms) = postSolution
		{33EDDA3C-3BA4-47B4-99BC-931F9E6BBE31}.Debug|Any CPU.ActiveCfg = Debug|Any CPU
		{33EDDA3C-3BA4-47B4-99BC-931F9E6BBE31}.Debug|Any CPU.Build.0 = Debug|Any CPU
		{33EDDA3C-3BA4-47B4-99BC-931F9E6BBE31}.Release|Any CPU.ActiveCfg = Release|Any CPU
		{33EDDA3C-3BA4-47B4-99BC-931F9E6BBE31}.Release|Any CPU.Build.0 = Release|Any CPU
		{0DAD5917-2DE2-4A4A-AD55-E428F290B372}.Debug|Any CPU.ActiveCfg = Debug|Any CPU
		{0DAD5917-2DE2-4A4A-AD55-E428F290B372}.Debug|Any CPU.Build.0 = Debug|Any CPU
		{0DAD5917-2DE2-4A4A-AD55-E428F290B372}.Release|Any CPU.ActiveCfg = Release|Any CPU
		{0DAD5917-2DE2-4A4A-AD55-E428F290B372}.Release|Any CPU.Build.0 = Release|Any CPU
		{4BFEC4DA-2DD6-448C-8EE3-5847E8E6CC1F}.Debug|Any CPU.ActiveCfg = Debug|Any CPU
		{4BFEC4DA-2DD6-448C-8EE3-5847E8E6CC1F}.Debug|Any CPU.Build.0 = Debug|Any CPU
		{4BFEC4DA-2DD6-448C-8EE3-5847E8E6CC1F}.Release|Any CPU.ActiveCfg = Release|Any CPU
		{4BFEC4DA-2DD6-448C-8EE3-5847E8E6CC1F}.Release|Any CPU.Build.0 = Release|Any CPU
		{BC48E521-D104-40D0-B0A4-6E839AA1E0E9}.Debug|Any CPU.ActiveCfg = Debug|Any CPU
		{BC48E521-D104-40D0-B0A4-6E839AA1E0E9}.Debug|Any CPU.Build.0 = Debug|Any CPU
		{BC48E521-D104-40D0-B0A4-6E839AA1E0E9}.Release|Any CPU.ActiveCfg = Release|Any CPU
		{BC48E521-D104-40D0-B0A4-6E839AA1E0E9}.Release|Any CPU.Build.0 = Release|Any CPU
		{E783DE6C-DF67-45F7-A84F-1B8FE55A2016}.Debug|Any CPU.ActiveCfg = Debug|Any CPU
		{E783DE6C-DF67-45F7-A84F-1B8FE55A2016}.Debug|Any CPU.Build.0 = Debug|Any CPU
		{E783DE6C-DF67-45F7-A84F-1B8FE55A2016}.Release|Any CPU.ActiveCfg = Release|Any CPU
		{E783DE6C-DF67-45F7-A84F-1B8FE55A2016}.Release|Any CPU.Build.0 = Release|Any CPU
		{D5D1DA57-60A9-49C3-82A8-712AB12E0F66}.Debug|Any CPU.ActiveCfg = Debug|Any CPU
		{D5D1DA57-60A9-49C3-82A8-712AB12E0F66}.Debug|Any CPU.Build.0 = Debug|Any CPU
		{D5D1DA57-60A9-49C3-82A8-712AB12E0F66}.Release|Any CPU.ActiveCfg = Release|Any CPU
		{D5D1DA57-60A9-49C3-82A8-712AB12E0F66}.Release|Any CPU.Build.0 = Release|Any CPU
		{0F731D62-5F3A-4D6C-ADCD-A2261B74A4F0}.Debug|Any CPU.ActiveCfg = Debug|Any CPU
		{0F731D62-5F3A-4D6C-ADCD-A2261B74A4F0}.Debug|Any CPU.Build.0 = Debug|Any CPU
		{0F731D62-5F3A-4D6C-ADCD-A2261B74A4F0}.Release|Any CPU.ActiveCfg = Release|Any CPU
		{0F731D62-5F3A-4D6C-ADCD-A2261B74A4F0}.Release|Any CPU.Build.0 = Release|Any CPU
		{70F642B0-A9EB-4DD4-8C29-A45FA4A767DB}.Debug|Any CPU.ActiveCfg = Debug|Any CPU
		{70F642B0-A9EB-4DD4-8C29-A45FA4A767DB}.Debug|Any CPU.Build.0 = Debug|Any CPU
		{70F642B0-A9EB-4DD4-8C29-A45FA4A767DB}.Release|Any CPU.ActiveCfg = Release|Any CPU
		{70F642B0-A9EB-4DD4-8C29-A45FA4A767DB}.Release|Any CPU.Build.0 = Release|Any CPU
		{1D94AD20-23BF-47B6-BE48-DCA3E551BE70}.Debug|Any CPU.ActiveCfg = Debug|Any CPU
		{1D94AD20-23BF-47B6-BE48-DCA3E551BE70}.Debug|Any CPU.Build.0 = Debug|Any CPU
		{1D94AD20-23BF-47B6-BE48-DCA3E551BE70}.Release|Any CPU.ActiveCfg = Release|Any CPU
		{1D94AD20-23BF-47B6-BE48-DCA3E551BE70}.Release|Any CPU.Build.0 = Release|Any CPU
		{D08C93F0-7217-48FB-9FC2-02AFD07BAC31}.Debug|Any CPU.ActiveCfg = Debug|Any CPU
		{D08C93F0-7217-48FB-9FC2-02AFD07BAC31}.Debug|Any CPU.Build.0 = Debug|Any CPU
		{D08C93F0-7217-48FB-9FC2-02AFD07BAC31}.Release|Any CPU.ActiveCfg = Release|Any CPU
		{D08C93F0-7217-48FB-9FC2-02AFD07BAC31}.Release|Any CPU.Build.0 = Release|Any CPU
		{DEF259B0-0CA9-4983-9E5D-17F6879706FC}.Debug|Any CPU.ActiveCfg = Debug|Any CPU
		{DEF259B0-0CA9-4983-9E5D-17F6879706FC}.Debug|Any CPU.Build.0 = Debug|Any CPU
		{DEF259B0-0CA9-4983-9E5D-17F6879706FC}.Release|Any CPU.ActiveCfg = Release|Any CPU
		{DEF259B0-0CA9-4983-9E5D-17F6879706FC}.Release|Any CPU.Build.0 = Release|Any CPU
		{8EA40932-6AD1-4B7C-842A-E5D857197084}.Debug|Any CPU.ActiveCfg = Debug|Any CPU
		{8EA40932-6AD1-4B7C-842A-E5D857197084}.Debug|Any CPU.Build.0 = Debug|Any CPU
		{8EA40932-6AD1-4B7C-842A-E5D857197084}.Release|Any CPU.ActiveCfg = Release|Any CPU
		{8EA40932-6AD1-4B7C-842A-E5D857197084}.Release|Any CPU.Build.0 = Release|Any CPU
		{22F4D926-3CB9-4E92-B80E-1CA8F6BC122E}.Debug|Any CPU.ActiveCfg = Debug|Any CPU
		{22F4D926-3CB9-4E92-B80E-1CA8F6BC122E}.Debug|Any CPU.Build.0 = Debug|Any CPU
		{22F4D926-3CB9-4E92-B80E-1CA8F6BC122E}.Release|Any CPU.ActiveCfg = Release|Any CPU
		{22F4D926-3CB9-4E92-B80E-1CA8F6BC122E}.Release|Any CPU.Build.0 = Release|Any CPU
		{6792B6C4-0813-49FC-863D-62A632786727}.Debug|Any CPU.ActiveCfg = Debug|Any CPU
		{6792B6C4-0813-49FC-863D-62A632786727}.Debug|Any CPU.Build.0 = Debug|Any CPU
		{6792B6C4-0813-49FC-863D-62A632786727}.Release|Any CPU.ActiveCfg = Release|Any CPU
		{6792B6C4-0813-49FC-863D-62A632786727}.Release|Any CPU.Build.0 = Release|Any CPU
		{00D734F4-84EE-47D1-811A-A05F71316695}.Debug|Any CPU.ActiveCfg = Debug|Any CPU
		{00D734F4-84EE-47D1-811A-A05F71316695}.Debug|Any CPU.Build.0 = Debug|Any CPU
		{00D734F4-84EE-47D1-811A-A05F71316695}.Release|Any CPU.ActiveCfg = Release|Any CPU
		{00D734F4-84EE-47D1-811A-A05F71316695}.Release|Any CPU.Build.0 = Release|Any CPU
	EndGlobalSection
	GlobalSection(SolutionProperties) = preSolution
		HideSolutionNode = FALSE
	EndGlobalSection
	GlobalSection(NestedProjects) = preSolution
		{33EDDA3C-3BA4-47B4-99BC-931F9E6BBE31} = {BCFBC1E4-41E6-4749-925A-5C7323DAC436}
		{38494BB1-D4FD-4C60-8FD6-1B145071A84C} = {BCFBC1E4-41E6-4749-925A-5C7323DAC436}
		{0DAD5917-2DE2-4A4A-AD55-E428F290B372} = {38494BB1-D4FD-4C60-8FD6-1B145071A84C}
		{4BFEC4DA-2DD6-448C-8EE3-5847E8E6CC1F} = {38494BB1-D4FD-4C60-8FD6-1B145071A84C}
		{ACF09716-205F-42AE-B4F4-AF7F4C52D6E8} = {FB6AD9B7-6EF6-4F31-BCDF-06E023E7A305}
		{6F1A68CF-9FD1-4F09-BC2F-ED9A84F0B96C} = {ACF09716-205F-42AE-B4F4-AF7F4C52D6E8}
		{30DE4E02-B812-4691-9275-70FEFDD11136} = {6F1A68CF-9FD1-4F09-BC2F-ED9A84F0B96C}
		{BC48E521-D104-40D0-B0A4-6E839AA1E0E9} = {30DE4E02-B812-4691-9275-70FEFDD11136}
		{E783DE6C-DF67-45F7-A84F-1B8FE55A2016} = {30DE4E02-B812-4691-9275-70FEFDD11136}
		{D5D1DA57-60A9-49C3-82A8-712AB12E0F66} = {30DE4E02-B812-4691-9275-70FEFDD11136}
		{0F731D62-5F3A-4D6C-ADCD-A2261B74A4F0} = {30DE4E02-B812-4691-9275-70FEFDD11136}
		{70F642B0-A9EB-4DD4-8C29-A45FA4A767DB} = {30DE4E02-B812-4691-9275-70FEFDD11136}
		{1D94AD20-23BF-47B6-BE48-DCA3E551BE70} = {30DE4E02-B812-4691-9275-70FEFDD11136}
		{D08C93F0-7217-48FB-9FC2-02AFD07BAC31} = {30DE4E02-B812-4691-9275-70FEFDD11136}
		{DEF259B0-0CA9-4983-9E5D-17F6879706FC} = {30DE4E02-B812-4691-9275-70FEFDD11136}
		{8EA40932-6AD1-4B7C-842A-E5D857197084} = {30DE4E02-B812-4691-9275-70FEFDD11136}
		{22F4D926-3CB9-4E92-B80E-1CA8F6BC122E} = {30DE4E02-B812-4691-9275-70FEFDD11136}
		{6792B6C4-0813-49FC-863D-62A632786727} = {30DE4E02-B812-4691-9275-70FEFDD11136}
		{00D734F4-84EE-47D1-811A-A05F71316695} = {30DE4E02-B812-4691-9275-70FEFDD11136}
	EndGlobalSection
	GlobalSection(ExtensibilityGlobals) = postSolution
		SolutionGuid = {6BEF461C-0023-4B0B-AD5C-CECAC3283E14}
	EndGlobalSection
EndGlobal
